
Microsoft Visual Studio Solution File, Format Version 12.00
# Visual Studio Version 17
VisualStudioVersion = 17.11.35208.52
MinimumVisualStudioVersion = 10.0.40219.1
Project("{8BC9CEB8-8B4A-11D0-8D11-00A0C91BC942}") = "proj", "proj.vcxproj", "{752A50AF-9748-44C8-95F2-B55EB812751F}"
EndProject
Global
	GlobalSection(SolutionConfigurationPlatforms) = preSolution
		Debug|x64 = Debug|x64
		Debug|x86 = Debug|x86
		Release|x64 = Release|x64
		Release|x86 = Release|x86
	EndGlobalSection
	GlobalSection(ProjectConfigurationPlatforms) = postSolution
		{752A50AF-9748-44C8-95F2-B55EB812751F}.Debug|x64.ActiveCfg = Debug|x64
		{752A50AF-9748-44C8-95F2-B55EB812751F}.Debug|x64.Build.0 = Debug|x64
		{752A50AF-9748-44C8-95F2-B55EB812751F}.Debug|x86.ActiveCfg = Debug|Win32
		{752A50AF-9748-44C8-95F2-B55EB812751F}.Debug|x86.Build.0 = Debug|Win32
		{752A50AF-9748-44C8-95F2-B55EB812751F}.Release|x64.ActiveCfg = Release|x64
		{752A50AF-9748-44C8-95F2-B55EB812751F}.Release|x64.Build.0 = Release|x64
		{752A50AF-9748-44C8-95F2-B55EB812751F}.Release|x86.ActiveCfg = Release|Win32
		{752A50AF-9748-44C8-95F2-B55EB812751F}.Release|x86.Build.0 = Release|Win32
	EndGlobalSection
	GlobalSection(SolutionProperties) = preSolution
		HideSolutionNode = FALSE
	EndGlobalSection
	GlobalSection(ExtensibilityGlobals) = postSolution
		SolutionGuid = {41312845-896C-49E6-94DF-4B611900261F}
	EndGlobalSection
EndGlobal
