
Microsoft Visual Studio Solution File, Format Version 12.00
# Visual Studio Version 17
VisualStudioVersion = 17.9.34622.214
MinimumVisualStudioVersion = 10.0.40219.1
Project("{FAE04EC0-301F-11D3-BF4B-00C04F79EFBC}") = "InterfacesTest", "InterfacesTest.csproj", "{7795BC50-7FC5-40F0-B523-C1C4B1DEDDF9}"
EndProject
Global
	GlobalSection(SolutionConfigurationPlatforms) = preSolution
		Debug|Any CPU = Debug|Any CPU
		Release|Any CPU = Release|Any CPU
	EndGlobalSection
	GlobalSection(ProjectConfigurationPlatforms) = postSolution
		{7795BC50-7FC5-40F0-B523-C1C4B1DEDDF9}.Debug|Any CPU.ActiveCfg = Debug|Any CPU
		{7795BC50-7FC5-40F0-B523-C1C4B1DEDDF9}.Debug|Any CPU.Build.0 = Debug|Any CPU
		{7795BC50-7FC5-40F0-B523-C1C4B1DEDDF9}.Release|Any CPU.ActiveCfg = Release|Any CPU
		{7795BC50-7FC5-40F0-B523-C1C4B1DEDDF9}.Release|Any CPU.Build.0 = Release|Any CPU
	EndGlobalSection
	GlobalSection(SolutionProperties) = preSolution
		HideSolutionNode = FALSE
	EndGlobalSection
	GlobalSection(ExtensibilityGlobals) = postSolution
		SolutionGuid = {33237EE9-6EA7-4D75-9EDB-9F556822F2DB}
	EndGlobalSection
EndGlobal
