
Microsoft Visual Studio Solution File, Format Version 12.00
# Visual Studio Version 17
VisualStudioVersion = 17.9.34622.214
MinimumVisualStudioVersion = 10.0.40219.1
Project("{FAE04EC0-301F-11D3-BF4B-00C04F79EFBC}") = "fib_test", "fib_test.csproj", "{158858C5-D996-42AF-B37F-D40F96514C07}"
EndProject
Global
	GlobalSection(SolutionConfigurationPlatforms) = preSolution
		Debug|Any CPU = Debug|Any CPU
		Release|Any CPU = Release|Any CPU
	EndGlobalSection
	GlobalSection(ProjectConfigurationPlatforms) = postSolution
		{158858C5-D996-42AF-B37F-D40F96514C07}.Debug|Any CPU.ActiveCfg = Debug|Any CPU
		{158858C5-D996-42AF-B37F-D40F96514C07}.Debug|Any CPU.Build.0 = Debug|Any CPU
		{158858C5-D996-42AF-B37F-D40F96514C07}.Release|Any CPU.ActiveCfg = Release|Any CPU
		{158858C5-D996-42AF-B37F-D40F96514C07}.Release|Any CPU.Build.0 = Release|Any CPU
	EndGlobalSection
	GlobalSection(SolutionProperties) = preSolution
		HideSolutionNode = FALSE
	EndGlobalSection
	GlobalSection(ExtensibilityGlobals) = postSolution
		SolutionGuid = {792FC0A6-28AD-4832-932E-BA6F73CC3F2A}
	EndGlobalSection
EndGlobal
