
Microsoft Visual Studio Solution File, Format Version 12.00
# Visual Studio Version 17
VisualStudioVersion = 17.9.34622.214
MinimumVisualStudioVersion = 10.0.40219.1
Project("{F2A71F9B-5D33-465A-A702-920D77279786}") = "fib_test", "fib_test.fsproj", "{4B1DD464-6B66-441C-BE84-072ECBB22F91}"
EndProject
Global
	GlobalSection(SolutionConfigurationPlatforms) = preSolution
		Debug|Any CPU = Debug|Any CPU
		Release|Any CPU = Release|Any CPU
	EndGlobalSection
	GlobalSection(ProjectConfigurationPlatforms) = postSolution
		{4B1DD464-6B66-441C-BE84-072ECBB22F91}.Debug|Any CPU.ActiveCfg = Debug|Any CPU
		{4B1DD464-6B66-441C-BE84-072ECBB22F91}.Debug|Any CPU.Build.0 = Debug|Any CPU
		{4B1DD464-6B66-441C-BE84-072ECBB22F91}.Release|Any CPU.ActiveCfg = Release|Any CPU
		{4B1DD464-6B66-441C-BE84-072ECBB22F91}.Release|Any CPU.Build.0 = Release|Any CPU
	EndGlobalSection
	GlobalSection(SolutionProperties) = preSolution
		HideSolutionNode = FALSE
	EndGlobalSection
	GlobalSection(ExtensibilityGlobals) = postSolution
		SolutionGuid = {402A4D19-6458-4048-9AE9-A1147B6B9182}
	EndGlobalSection
EndGlobal
